
Microsoft Visual Studio Solution File, Format Version 12.00
# Visual Studio Version 16
VisualStudioVersion = 16.0.31424.327
MinimumVisualStudioVersion = 10.0.40219.1
Project("{9A19103F-16F7-4668-BE54-9A1E7A4F7556}") = "ReactCrudDemo", "ReactCrudDemo.csproj", "{ED5EE1A7-9B4C-4723-A643-90A0AFD5EF98}"
EndProject
Project("{FAE04EC0-301F-11D3-BF4B-00C04F79EFBC}") = "ReactCrudDemoTest", "..\ReactCrudDemoTest\ReactCrudDemoTest.csproj", "{789D0691-FCD5-451B-85F3-D8D75C254CAF}"
EndProject
Global
	GlobalSection(SolutionConfigurationPlatforms) = preSolution
		Debug|Any CPU = Debug|Any CPU
		Release|Any CPU = Release|Any CPU
	EndGlobalSection
	GlobalSection(ProjectConfigurationPlatforms) = postSolution
		{ED5EE1A7-9B4C-4723-A643-90A0AFD5EF98}.Debug|Any CPU.ActiveCfg = Debug|Any CPU
		{ED5EE1A7-9B4C-4723-A643-90A0AFD5EF98}.Debug|Any CPU.Build.0 = Debug|Any CPU
		{ED5EE1A7-9B4C-4723-A643-90A0AFD5EF98}.Release|Any CPU.ActiveCfg = Release|Any CPU
		{ED5EE1A7-9B4C-4723-A643-90A0AFD5EF98}.Release|Any CPU.Build.0 = Release|Any CPU
		{789D0691-FCD5-451B-85F3-D8D75C254CAF}.Debug|Any CPU.ActiveCfg = Debug|Any CPU
		{789D0691-FCD5-451B-85F3-D8D75C254CAF}.Debug|Any CPU.Build.0 = Debug|Any CPU
		{789D0691-FCD5-451B-85F3-D8D75C254CAF}.Release|Any CPU.ActiveCfg = Release|Any CPU
		{789D0691-FCD5-451B-85F3-D8D75C254CAF}.Release|Any CPU.Build.0 = Release|Any CPU
	EndGlobalSection
	GlobalSection(SolutionProperties) = preSolution
		HideSolutionNode = FALSE
	EndGlobalSection
	GlobalSection(ExtensibilityGlobals) = postSolution
		SolutionGuid = {65168226-27E1-421B-B146-1E0D4C5E2E74}
	EndGlobalSection
EndGlobal
